
Microsoft Visual Studio Solution File, Format Version 12.00
# Visual Studio Version 16
VisualStudioVersion = 16.0.30611.23
MinimumVisualStudioVersion = 10.0.40219.1
Project("{FAE04EC0-301F-11D3-BF4B-00C04F79EFBC}") = "Cwiczenie4", "Cwiczenie4\Cwiczenie4.csproj", "{EE38F72E-3D1F-4EB9-B5CE-CD84BE778BA9}"
EndProject
Global
	GlobalSection(SolutionConfigurationPlatforms) = preSolution
		Debug|Any CPU = Debug|Any CPU
		Release|Any CPU = Release|Any CPU
	EndGlobalSection
	GlobalSection(ProjectConfigurationPlatforms) = postSolution
		{EE38F72E-3D1F-4EB9-B5CE-CD84BE778BA9}.Debug|Any CPU.ActiveCfg = Debug|Any CPU
		{EE38F72E-3D1F-4EB9-B5CE-CD84BE778BA9}.Debug|Any CPU.Build.0 = Debug|Any CPU
		{EE38F72E-3D1F-4EB9-B5CE-CD84BE778BA9}.Release|Any CPU.ActiveCfg = Release|Any CPU
		{EE38F72E-3D1F-4EB9-B5CE-CD84BE778BA9}.Release|Any CPU.Build.0 = Release|Any CPU
	EndGlobalSection
	GlobalSection(SolutionProperties) = preSolution
		HideSolutionNode = FALSE
	EndGlobalSection
	GlobalSection(ExtensibilityGlobals) = postSolution
		SolutionGuid = {A22A15E7-03F0-4984-A53E-9480CDE63C60}
	EndGlobalSection
EndGlobal
